# THIS IS AN AUTOGENERATED FILE. DO NOT EDIT THIS FILE DIRECTLY.
# yarn lockfile v1


co@3.1.0:
  version "3.1.0"
  resolved "https://registry.yarnpkg.com/co/-/co-3.1.0.tgz#4ea54ea5a08938153185e15210c68d9092bc1b78"

decamelize@^1.0.0:
  version "1.2.0"
  resolved "https://registry.yarnpkg.com/decamelize/-/decamelize-1.2.0.tgz#f6534d15148269b20352e7bee26f501f9a191290"

deep-extend@~0.4.0:
  version "0.4.1"
  resolved "https://registry.yarnpkg.com/deep-extend/-/deep-extend-0.4.1.tgz#efe4113d08085f4e6f9687759810f807469e2253"

ini@~1.3.0:
  version "1.3.4"
  resolved "https://registry.yarnpkg.com/ini/-/ini-1.3.4.tgz#0537cb79daf59b59a1a517dff706c86ec039162e"

irregular-plurals@^1.0.0:
  version "1.2.0"
  resolved "https://registry.yarnpkg.com/irregular-plurals/-/irregular-plurals-1.2.0.tgz#38f299834ba8c00c30be9c554e137269752ff3ac"

load-plugin@^2.0.0:
  version "2.1.0"
  resolved "https://registry.yarnpkg.com/load-plugin/-/load-plugin-2.1.0.tgz#5c688c560261997b47dfd0a7361faeb152acf7f5"
  dependencies:
    npm-prefix "^1.2.0"
    resolve-from "^2.0.0"

mdast-comment-marker@^1.0.0:
  version "1.0.1"
  resolved "https://registry.yarnpkg.com/mdast-comment-marker/-/mdast-comment-marker-1.0.1.tgz#f0f26c33fc5d81e41d9ec36ff4f066bb50d217fb"

mdast-util-heading-style@^1.0.0:
  version "1.0.2"
  resolved "https://registry.yarnpkg.com/mdast-util-heading-style/-/mdast-util-heading-style-1.0.2.tgz#14b7cf2802881d09af0cfdce42026d6bc584fff1"

mdast-util-to-string@^1.0.0:
  version "1.0.2"
  resolved "https://registry.yarnpkg.com/mdast-util-to-string/-/mdast-util-to-string-1.0.2.tgz#dc996a24d2b521178d3fac3993680c03a683e1dd"

minimist@^1.2.0:
  version "1.2.0"
  resolved "https://registry.yarnpkg.com/minimist/-/minimist-1.2.0.tgz#a35008b20f41383eec1fb914f4cd5df79a264284"

npm-prefix@^1.2.0:
  version "1.2.0"
  resolved "https://registry.yarnpkg.com/npm-prefix/-/npm-prefix-1.2.0.tgz#e619455f7074ba54cc66d6d0d37dd9f1be6bcbc0"
  dependencies:
    rc "^1.1.0"
    shellsubstitute "^1.1.0"
    untildify "^2.1.0"

os-homedir@^1.0.0:
  version "1.0.2"
  resolved "https://registry.yarnpkg.com/os-homedir/-/os-homedir-1.0.2.tgz#ffbc4988336e0e833de0c168c7ef152121aa7fb3"

plur@^2.0.0:
  version "2.1.2"
  resolved "https://registry.yarnpkg.com/plur/-/plur-2.1.2.tgz#7482452c1a0f508e3e344eaec312c91c29dc655a"
  dependencies:
    irregular-plurals "^1.0.0"

rc@^1.1.0:
  version "1.1.7"
  resolved "https://registry.yarnpkg.com/rc/-/rc-1.1.7.tgz#c5ea564bb07aff9fd3a5b32e906c1d3a65940fea"
  dependencies:
    deep-extend "~0.4.0"
    ini "~1.3.0"
    minimist "^1.2.0"
    strip-json-comments "~2.0.1"

remark-lint@^5.4.0:
  version "5.4.0"
  resolved "https://registry.yarnpkg.com/remark-lint/-/remark-lint-5.4.0.tgz#6e7c77b90844ad1931761c62af9d65ab46e6734a"
  dependencies:
    decamelize "^1.0.0"
    load-plugin "^2.0.0"
    mdast-util-heading-style "^1.0.0"
    mdast-util-to-string "^1.0.0"
    plur "^2.0.0"
    remark-message-control "^2.0.0"
    trough "^1.0.0"
    unist-util-generated "^1.1.0"
    unist-util-position "^3.0.0"
    unist-util-visit "^1.0.0"
    vfile-location "^2.0.0"
    vfile-sort "^2.0.0"
    wrapped "^1.0.1"

remark-message-control@^2.0.0:
  version "2.0.3"
  resolved "https://registry.yarnpkg.com/remark-message-control/-/remark-message-control-2.0.3.tgz#b9278fae0b118ee24679821c7c02ea9ba2a682c4"
  dependencies:
    mdast-comment-marker "^1.0.0"
    trim "0.0.1"
    unist-util-visit "^1.0.0"
    vfile-location "^2.0.0"

resolve-from@^2.0.0:
  version "2.0.0"
  resolved "https://registry.yarnpkg.com/resolve-from/-/resolve-from-2.0.0.tgz#9480ab20e94ffa1d9e80a804c7ea147611966b57"

shellsubstitute@^1.1.0:
  version "1.2.0"
  resolved "https://registry.yarnpkg.com/shellsubstitute/-/shellsubstitute-1.2.0.tgz#e4f702a50c518b0f6fe98451890d705af29b6b70"

sliced@^1.0.1:
  version "1.0.1"
  resolved "https://registry.yarnpkg.com/sliced/-/sliced-1.0.1.tgz#0b3a662b5d04c3177b1926bea82b03f837a2ef41"

strip-json-comments@~2.0.1:
  version "2.0.1"
  resolved "https://registry.yarnpkg.com/strip-json-comments/-/strip-json-comments-2.0.1.tgz#3c531942e908c2697c0ec344858c286c7ca0a60a"

trim@0.0.1:
  version "0.0.1"
  resolved "https://registry.yarnpkg.com/trim/-/trim-0.0.1.tgz#5858547f6b290757ee95cccc666fb50084c460dd"

trough@^1.0.0:
  version "1.0.0"
  resolved "https://registry.yarnpkg.com/trough/-/trough-1.0.0.tgz#6bdedfe7f2aa49a6f3c432257687555957f342fd"

unist-util-generated@^1.1.0:
  version "1.1.0"
  resolved "https://registry.yarnpkg.com/unist-util-generated/-/unist-util-generated-1.1.0.tgz#8c95657ff12b32eaffe0731fbb37da6995fae01b"

unist-util-position@^3.0.0:
  version "3.0.0"
  resolved "https://registry.yarnpkg.com/unist-util-position/-/unist-util-position-3.0.0.tgz#e6e1e03eeeb81c5e1afe553e8d4adfbd7c0d8f82"

unist-util-visit@^1.0.0:
  version "1.1.1"
  resolved "https://registry.yarnpkg.com/unist-util-visit/-/unist-util-visit-1.1.1.tgz#e917a3b137658b335cb4420c7da2e74d928e4e94"

untildify@^2.1.0:
  version "2.1.0"
  resolved "https://registry.yarnpkg.com/untildify/-/untildify-2.1.0.tgz#17eb2807987f76952e9c0485fc311d06a826a2e0"
  dependencies:
    os-homedir "^1.0.0"

vfile-location@^2.0.0:
  version "2.0.1"
  resolved "https://registry.yarnpkg.com/vfile-location/-/vfile-location-2.0.1.tgz#0bf8816f732b0f8bd902a56fda4c62c8e935dc52"

vfile-sort@^2.0.0:
  version "2.0.0"
  resolved "https://registry.yarnpkg.com/vfile-sort/-/vfile-sort-2.0.0.tgz#7279458d111a9ba3b18effd9f8a0169bb7c5112b"

wrapped@^1.0.1:
  version "1.0.1"
  resolved "https://registry.yarnpkg.com/wrapped/-/wrapped-1.0.1.tgz#c783d9d807b273e9b01e851680a938c87c907242"
  dependencies:
    co "3.1.0"
    sliced "^1.0.1"
